
Microsoft Visual Studio Solution File, Format Version 12.00
# Visual Studio Version 16
VisualStudioVersion = 16.0.31729.503
MinimumVisualStudioVersion = 10.0.40219.1
Project("{FAE04EC0-301F-11D3-BF4B-00C04F79EFBC}") = "MyFirstApp", "MyFirstApp\MyFirstApp.csproj", "{CAC6E0C5-6C03-43BD-89A5-3D366D70C272}"
EndProject
Global
	GlobalSection(SolutionConfigurationPlatforms) = preSolution
		Debug|Any CPU = Debug|Any CPU
		Release|Any CPU = Release|Any CPU
	EndGlobalSection
	GlobalSection(ProjectConfigurationPlatforms) = postSolution
		{CAC6E0C5-6C03-43BD-89A5-3D366D70C272}.Debug|Any CPU.ActiveCfg = Debug|Any CPU
		{CAC6E0C5-6C03-43BD-89A5-3D366D70C272}.Debug|Any CPU.Build.0 = Debug|Any CPU
		{CAC6E0C5-6C03-43BD-89A5-3D366D70C272}.Release|Any CPU.ActiveCfg = Release|Any CPU
		{CAC6E0C5-6C03-43BD-89A5-3D366D70C272}.Release|Any CPU.Build.0 = Release|Any CPU
	EndGlobalSection
	GlobalSection(SolutionProperties) = preSolution
		HideSolutionNode = FALSE
	EndGlobalSection
	GlobalSection(ExtensibilityGlobals) = postSolution
		SolutionGuid = {6D53F5C3-4626-4938-A503-0DADDC802612}
	EndGlobalSection
EndGlobal
